
Microsoft Visual Studio Solution File, Format Version 12.00
# Visual Studio Version 17
VisualStudioVersion = 17.7.34031.279
MinimumVisualStudioVersion = 10.0.40219.1
Project("{FAE04EC0-301F-11D3-BF4B-00C04F79EFBC}") = "StudentsGroup", "StudentsGroup.csproj", "{7AAF1AAC-354C-45CD-916A-39231C4E5ADD}"
EndProject
Global
	GlobalSection(SolutionConfigurationPlatforms) = preSolution
		Debug|Any CPU = Debug|Any CPU
		Release|Any CPU = Release|Any CPU
	EndGlobalSection
	GlobalSection(ProjectConfigurationPlatforms) = postSolution
		{7AAF1AAC-354C-45CD-916A-39231C4E5ADD}.Debug|Any CPU.ActiveCfg = Debug|Any CPU
		{7AAF1AAC-354C-45CD-916A-39231C4E5ADD}.Debug|Any CPU.Build.0 = Debug|Any CPU
		{7AAF1AAC-354C-45CD-916A-39231C4E5ADD}.Release|Any CPU.ActiveCfg = Release|Any CPU
		{7AAF1AAC-354C-45CD-916A-39231C4E5ADD}.Release|Any CPU.Build.0 = Release|Any CPU
	EndGlobalSection
	GlobalSection(SolutionProperties) = preSolution
		HideSolutionNode = FALSE
	EndGlobalSection
	GlobalSection(ExtensibilityGlobals) = postSolution
		SolutionGuid = {C1A14B64-E6C4-477D-B00D-CBF5BE264CC7}
	EndGlobalSection
EndGlobal
